
Microsoft Visual Studio Solution File, Format Version 12.00
# Visual Studio Version 17
VisualStudioVersion = 17.3.32929.385
MinimumVisualStudioVersion = 10.0.40219.1
Project("{9A19103F-16F7-4668-BE54-9A1E7A4F7556}") = "Entities", "Entities\Entities.csproj", "{7D10A76B-400F-413A-B96B-3AB9EF6DA95A}"
EndProject
Project("{9A19103F-16F7-4668-BE54-9A1E7A4F7556}") = "DataAccess", "DataAccess\DataAccess.csproj", "{5C1AC0CB-703C-41F9-9B9E-A56CD858ACE8}"
EndProject
Project("{9A19103F-16F7-4668-BE54-9A1E7A4F7556}") = "Business", "Service\Business.csproj", "{81290A18-6C75-4D81-A169-2104D40867B0}"
EndProject
Project("{9A19103F-16F7-4668-BE54-9A1E7A4F7556}") = "ConsoleUI", "ConsoleUI\ConsoleUI.csproj", "{36FA5D1B-6526-4AA8-8217-6DEA903CE49D}"
EndProject
Project("{FAE04EC0-301F-11D3-BF4B-00C04F79EFBC}") = "Core", "Core\Core.csproj", "{AFAA8127-524F-4550-A200-98A0B2C0370F}"
EndProject
Global
	GlobalSection(SolutionConfigurationPlatforms) = preSolution
		Debug|Any CPU = Debug|Any CPU
		Release|Any CPU = Release|Any CPU
	EndGlobalSection
	GlobalSection(ProjectConfigurationPlatforms) = postSolution
		{7D10A76B-400F-413A-B96B-3AB9EF6DA95A}.Debug|Any CPU.ActiveCfg = Debug|Any CPU
		{7D10A76B-400F-413A-B96B-3AB9EF6DA95A}.Debug|Any CPU.Build.0 = Debug|Any CPU
		{7D10A76B-400F-413A-B96B-3AB9EF6DA95A}.Release|Any CPU.ActiveCfg = Release|Any CPU
		{7D10A76B-400F-413A-B96B-3AB9EF6DA95A}.Release|Any CPU.Build.0 = Release|Any CPU
		{5C1AC0CB-703C-41F9-9B9E-A56CD858ACE8}.Debug|Any CPU.ActiveCfg = Debug|Any CPU
		{5C1AC0CB-703C-41F9-9B9E-A56CD858ACE8}.Debug|Any CPU.Build.0 = Debug|Any CPU
		{5C1AC0CB-703C-41F9-9B9E-A56CD858ACE8}.Release|Any CPU.ActiveCfg = Release|Any CPU
		{5C1AC0CB-703C-41F9-9B9E-A56CD858ACE8}.Release|Any CPU.Build.0 = Release|Any CPU
		{81290A18-6C75-4D81-A169-2104D40867B0}.Debug|Any CPU.ActiveCfg = Debug|Any CPU
		{81290A18-6C75-4D81-A169-2104D40867B0}.Debug|Any CPU.Build.0 = Debug|Any CPU
		{81290A18-6C75-4D81-A169-2104D40867B0}.Release|Any CPU.ActiveCfg = Release|Any CPU
		{81290A18-6C75-4D81-A169-2104D40867B0}.Release|Any CPU.Build.0 = Release|Any CPU
		{36FA5D1B-6526-4AA8-8217-6DEA903CE49D}.Debug|Any CPU.ActiveCfg = Debug|Any CPU
		{36FA5D1B-6526-4AA8-8217-6DEA903CE49D}.Debug|Any CPU.Build.0 = Debug|Any CPU
		{36FA5D1B-6526-4AA8-8217-6DEA903CE49D}.Release|Any CPU.ActiveCfg = Release|Any CPU
		{36FA5D1B-6526-4AA8-8217-6DEA903CE49D}.Release|Any CPU.Build.0 = Release|Any CPU
		{AFAA8127-524F-4550-A200-98A0B2C0370F}.Debug|Any CPU.ActiveCfg = Debug|Any CPU
		{AFAA8127-524F-4550-A200-98A0B2C0370F}.Debug|Any CPU.Build.0 = Debug|Any CPU
		{AFAA8127-524F-4550-A200-98A0B2C0370F}.Release|Any CPU.ActiveCfg = Release|Any CPU
		{AFAA8127-524F-4550-A200-98A0B2C0370F}.Release|Any CPU.Build.0 = Release|Any CPU
	EndGlobalSection
	GlobalSection(SolutionProperties) = preSolution
		HideSolutionNode = FALSE
	EndGlobalSection
	GlobalSection(ExtensibilityGlobals) = postSolution
		SolutionGuid = {12810F64-E927-464C-91F1-BD677BB7B833}
	EndGlobalSection
EndGlobal
